
Microsoft Visual Studio Solution File, Format Version 12.00
# Visual Studio Version 17
VisualStudioVersion = 17.0.31903.59
MinimumVisualStudioVersion = 10.0.40219.1
Project("{2150E333-8FDC-42A3-9474-1A3956D46DE8}") = "src", "src", "{9BB0311A-FE23-4C8D-B7C0-E8CD49FA3D20}"
	ProjectSection(SolutionItems) = preProject
		src\Directory.Build.props = src\Directory.Build.props
		src\Directory.Build.targets = src\Directory.Build.targets
		src\Directory.Packages.props = src\Directory.Packages.props
	EndProjectSection
EndProject
Project("{2150E333-8FDC-42A3-9474-1A3956D46DE8}") = "solution-items", "solution-items", "{798579C1-7DEC-47A2-9C18-CA3DBE4A6573}"
	ProjectSection(SolutionItems) = preProject
		.editorconfig = .editorconfig
		.csharpierrc.yaml = .csharpierrc.yaml
		global.json = global.json
		package.json = package.json
		readme.md = readme.md
		version.json = version.json
		.dockerignore = .dockerignore
	EndProjectSection
EndProject
Project("{2150E333-8FDC-42A3-9474-1A3956D46DE8}") = ".config", ".config", "{154A55C1-CE45-463D-B411-816C702D6A25}"
	ProjectSection(SolutionItems) = preProject
		.config\dotnet-tools.json = .config\dotnet-tools.json
	EndProjectSection
EndProject
Project("{2150E333-8FDC-42A3-9474-1A3956D46DE8}") = ".github", ".github", "{AEFEEF63-5831-49E5-A7D9-892AF653C32D}"
	ProjectSection(SolutionItems) = preProject
		.github\release-drafter.yml = .github\release-drafter.yml
		.github\labeler.yml = .github\labeler.yml
		.github\multi-labeler.yml = .github\multi-labeler.yml
		.github\release.yml = .github\release.yml
	EndProjectSection
EndProject
Project("{2150E333-8FDC-42A3-9474-1A3956D46DE8}") = "workflows", "workflows", "{ED6C6F59-8A39-4D7D-BB93-888AA486AFE9}"
	ProjectSection(SolutionItems) = preProject
		.github\workflows\build-test.yml = .github\workflows\build-test.yml
		.github\workflows\publish.yml = .github\workflows\publish.yml
		.github\workflows\release-drafter.yml = .github\workflows\release-drafter.yml
	EndProjectSection
EndProject
Project("{2150E333-8FDC-42A3-9474-1A3956D46DE8}") = ".devcontainer", ".devcontainer", "{268E2B03-D9F4-4D31-84BA-6D1DC250E894}"
	ProjectSection(SolutionItems) = preProject
		.devcontainer\devcontainer.json = .devcontainer\devcontainer.json
		.devcontainer\docker-compose.yaml = .devcontainer\docker-compose.yaml
		.devcontainer\Dockerfile = .devcontainer\Dockerfile
	EndProjectSection
EndProject
Project("{2150E333-8FDC-42A3-9474-1A3956D46DE8}") = "scripts", "scripts", "{3A68A53A-1E76-49DE-A622-569267333288}"
	ProjectSection(SolutionItems) = preProject
		.devcontainer\scripts\post-create.sh = .devcontainer\scripts\post-create.sh
		.devcontainer\scripts\setup-fonts.sh = .devcontainer\scripts\setup-fonts.sh
		.devcontainer\scripts\update.sh = .devcontainer\scripts\update.sh
	EndProjectSection
EndProject
Project("{2150E333-8FDC-42A3-9474-1A3956D46DE8}") = "deployments", "deployments", "{9DF99E09-AEC5-4F44-BC7E-CB16EF796431}"
EndProject
Project("{2150E333-8FDC-42A3-9474-1A3956D46DE8}") = "docker-compose", "docker-compose", "{F3FCF437-0EF6-4149-AA20-46C787B6FCB1}"
	ProjectSection(SolutionItems) = preProject
		deployments\docker-compose\.env.sample = deployments\docker-compose\.env.sample
		deployments\docker-compose\docker-compose.infrastructure.yaml = deployments\docker-compose\docker-compose.infrastructure.yaml
		deployments\docker-compose\docker-compose.services.dev.yaml = deployments\docker-compose\docker-compose.services.dev.yaml
		deployments\docker-compose\docker-compose.services.yaml = deployments\docker-compose\docker-compose.services.yaml
		deployments\docker-compose\docker-compose.services.prod.yaml = deployments\docker-compose\docker-compose.services.prod.yaml
	EndProjectSection
EndProject
Project("{FAE04EC0-301F-11D3-BF4B-00C04F79EFBC}") = "Statistics", "src\Statistics\Statistics.csproj", "{A5FB3B9E-FF0A-45F4-8D37-080C770A5AB4}"
EndProject
Project("{2150E333-8FDC-42A3-9474-1A3956D46DE8}") = ".husky", ".husky", "{727B615D-D77D-4FEF-ADC6-66CA01B922C1}"
	ProjectSection(SolutionItems) = preProject
		.husky\commit-msg = .husky\commit-msg
		.husky\pre-commit = .husky\pre-commit
	EndProjectSection
EndProject
Project("{FAE04EC0-301F-11D3-BF4B-00C04F79EFBC}") = "Common", "src\Common\Common.csproj", "{8A47DFF1-D2D1-489C-B246-B300869CB7B8}"
EndProject
Project("{FAE04EC0-301F-11D3-BF4B-00C04F79EFBC}") = "Startup", "src\Startup\Startup.csproj", "{B16698D0-4578-4C05-9280-124FF48AEB93}"
EndProject
Global
	GlobalSection(SolutionConfigurationPlatforms) = preSolution
		Debug|Any CPU = Debug|Any CPU
		Release|Any CPU = Release|Any CPU
	EndGlobalSection
	GlobalSection(SolutionProperties) = preSolution
		HideSolutionNode = FALSE
	EndGlobalSection
	GlobalSection(NestedProjects) = preSolution
		{154A55C1-CE45-463D-B411-816C702D6A25} = {798579C1-7DEC-47A2-9C18-CA3DBE4A6573}
		{AEFEEF63-5831-49E5-A7D9-892AF653C32D} = {798579C1-7DEC-47A2-9C18-CA3DBE4A6573}
		{ED6C6F59-8A39-4D7D-BB93-888AA486AFE9} = {AEFEEF63-5831-49E5-A7D9-892AF653C32D}
		{268E2B03-D9F4-4D31-84BA-6D1DC250E894} = {798579C1-7DEC-47A2-9C18-CA3DBE4A6573}
		{3A68A53A-1E76-49DE-A622-569267333288} = {268E2B03-D9F4-4D31-84BA-6D1DC250E894}
		{9DF99E09-AEC5-4F44-BC7E-CB16EF796431} = {798579C1-7DEC-47A2-9C18-CA3DBE4A6573}
		{F3FCF437-0EF6-4149-AA20-46C787B6FCB1} = {9DF99E09-AEC5-4F44-BC7E-CB16EF796431}
		{727B615D-D77D-4FEF-ADC6-66CA01B922C1} = {798579C1-7DEC-47A2-9C18-CA3DBE4A6573}
		{A5FB3B9E-FF0A-45F4-8D37-080C770A5AB4} = {9BB0311A-FE23-4C8D-B7C0-E8CD49FA3D20}
		{8A47DFF1-D2D1-489C-B246-B300869CB7B8} = {9BB0311A-FE23-4C8D-B7C0-E8CD49FA3D20}
		{B16698D0-4578-4C05-9280-124FF48AEB93} = {9BB0311A-FE23-4C8D-B7C0-E8CD49FA3D20}
	EndGlobalSection
	GlobalSection(ProjectConfigurationPlatforms) = postSolution
		{A5FB3B9E-FF0A-45F4-8D37-080C770A5AB4}.Debug|Any CPU.ActiveCfg = Debug|Any CPU
		{A5FB3B9E-FF0A-45F4-8D37-080C770A5AB4}.Debug|Any CPU.Build.0 = Debug|Any CPU
		{A5FB3B9E-FF0A-45F4-8D37-080C770A5AB4}.Release|Any CPU.ActiveCfg = Release|Any CPU
		{A5FB3B9E-FF0A-45F4-8D37-080C770A5AB4}.Release|Any CPU.Build.0 = Release|Any CPU
		{8A47DFF1-D2D1-489C-B246-B300869CB7B8}.Debug|Any CPU.ActiveCfg = Debug|Any CPU
		{8A47DFF1-D2D1-489C-B246-B300869CB7B8}.Debug|Any CPU.Build.0 = Debug|Any CPU
		{8A47DFF1-D2D1-489C-B246-B300869CB7B8}.Release|Any CPU.ActiveCfg = Release|Any CPU
		{8A47DFF1-D2D1-489C-B246-B300869CB7B8}.Release|Any CPU.Build.0 = Release|Any CPU
		{B16698D0-4578-4C05-9280-124FF48AEB93}.Debug|Any CPU.ActiveCfg = Debug|Any CPU
		{B16698D0-4578-4C05-9280-124FF48AEB93}.Debug|Any CPU.Build.0 = Debug|Any CPU
		{B16698D0-4578-4C05-9280-124FF48AEB93}.Release|Any CPU.ActiveCfg = Release|Any CPU
		{B16698D0-4578-4C05-9280-124FF48AEB93}.Release|Any CPU.Build.0 = Release|Any CPU
	EndGlobalSection
EndGlobal
